<?xml version="1.0" encoding="utf-8"?>
<Project ToolsVersion="4.0" xmlns="http://schemas.microsoft.com/developer/msbuild/2003">
  <ItemGroup>
    <ClCompile Include="Turret.cpp">
      <Filter>Source Files</Filter>
    </ClCompile>
    <ClCompile Include="Bullet.cpp">
      <Filter>Source Files</Filter>
    </ClCompile>
    <ClCompile Include="EnemySpaceship.cpp">
      <Filter>Source Files</Filter>
    </ClCompile>
    <ClCompile Include="main.cpp">
      <Filter>Source Files</Filter>
    </ClCompile>
    <ClCompile Include="Shape.cpp">
      <Filter>Source Files</Filter>
    </ClCompile>
    <ClCompile Include="Spaceship.cpp">
      <Filter>Source Files</Filter>
    </ClCompile>
    <ClCompile Include="RecursiveShape.cpp">
      <Filter>Source Files</Filter>
    </ClCompile>
    <ClCompile Include="GameInitializer.cpp">
      <Filter>Source Files</Filter>
    </ClCompile>
    <ClCompile Include="Particle.cpp">
      <Filter>Source Files</Filter>
    </ClCompile>
    <ClCompile Include="ParticleEffect.cpp">
      <Filter>Source Files</Filter>
    </ClCompile>
    <ClCompile Include="BubbleEffect.cpp">
      <Filter>Source Files</Filter>
    </ClCompile>
    <ClCompile Include="ColorChangeType.cpp">
      <Filter>Source Files</Filter>
    </ClCompile>
    <ClCompile Include="ParticleSystem.cpp">
      <Filter>Source Files</Filter>
    </ClCompile>
    <ClCompile Include="Randomizer.cpp">
      <Filter>Source Files</Filter>
    </ClCompile>
    <ClCompile Include="ExplosionEffect.cpp">
      <Filter>Source Files</Filter>
    </ClCompile>
    <ClCompile Include="Logger.cpp">
      <Filter>Source Files</Filter>
    </ClCompile>
    <ClCompile Include="EnemyManager.cpp">
      <Filter>Source Files</Filter>
    </ClCompile>
    <ClCompile Include="Enemy.cpp">
      <Filter>Source Files</Filter>
    </ClCompile>
  </ItemGroup>
  <ItemGroup>
    <ClInclude Include="Bullet.h">
      <Filter>Header</Filter>
    </ClInclude>
    <ClInclude Include="EnemySpaceship.h">
      <Filter>Header</Filter>
    </ClInclude>
    <ClInclude Include="Shape.h">
      <Filter>Header</Filter>
    </ClInclude>
    <ClInclude Include="Spaceship.h">
      <Filter>Header</Filter>
    </ClInclude>
    <ClInclude Include="Turret.h">
      <Filter>Header</Filter>
    </ClInclude>
    <ClInclude Include="RecursiveShape.h">
      <Filter>Header</Filter>
    </ClInclude>
    <ClInclude Include="GameInitializer.h">
      <Filter>Header</Filter>
    </ClInclude>
    <ClInclude Include="Particle.h">
      <Filter>Header</Filter>
    </ClInclude>
    <ClInclude Include="ParticleEffect.h">
      <Filter>Header</Filter>
    </ClInclude>
    <ClInclude Include="BubbleEffect.h">
      <Filter>Header</Filter>
    </ClInclude>
    <ClInclude Include="ColorChangeType.h">
      <Filter>Header</Filter>
    </ClInclude>
    <ClInclude Include="ParticleSystem.h">
      <Filter>Header</Filter>
    </ClInclude>
    <ClInclude Include="Randomizer.h">
      <Filter>Header</Filter>
    </ClInclude>
    <ClInclude Include="ExplosionEffect.h">
      <Filter>Header</Filter>
    </ClInclude>
    <ClInclude Include="Logger.h">
      <Filter>Header</Filter>
    </ClInclude>
    <ClInclude Include="EnemyManager.h">
      <Filter>Header</Filter>
    </ClInclude>
    <ClInclude Include="Enemy.h">
      <Filter>Header</Filter>
    </ClInclude>
  </ItemGroup>
  <ItemGroup>
    <Filter Include="Header">
      <UniqueIdentifier>{06015b32-1d13-4e1a-93b2-b3c1de32b2b5}</UniqueIdentifier>
    </Filter>
    <Filter Include="Source Files">
      <UniqueIdentifier>{6e70b79e-7a22-4604-b1f4-f4bc1c20d853}</UniqueIdentifier>
    </Filter>
  </ItemGroup>
</Project>